{
	"name": "mocha-remote-server",
	"version": "1.2.0",
	"lockfileVersion": 2,
	"requires": true,
	"packages": {
		"": {
			"name": "mocha-remote-server",
			"version": "1.2.0",
			"license": "ISC",
			"dependencies": {
				"debug": "^4.3.1",
				"flatted": "^3.1.1",
				"ws": "^7.4.4"
			},
			"devDependencies": {
				"@types/mocha": "^8.2.2",
				"@types/ws": "^7.4.0",
				"chai": "^4.3.4",
				"mocha": "../../node_modules/mocha",
				"typed-emitter": "^1.3.1"
			},
			"peerDependencies": {
				"mocha": "^8"
			}
		},
		"../../node_modules/mocha": {
			"version": "8.3.2",
			"dev": true,
			"license": "MIT",
			"dependencies": {
				"@ungap/promise-all-settled": "1.1.2",
				"ansi-colors": "4.1.1",
				"browser-stdout": "1.3.1",
				"chokidar": "3.5.1",
				"debug": "4.3.1",
				"diff": "5.0.0",
				"escape-string-regexp": "4.0.0",
				"find-up": "5.0.0",
				"glob": "7.1.6",
				"growl": "1.10.5",
				"he": "1.2.0",
				"js-yaml": "4.0.0",
				"log-symbols": "4.0.0",
				"minimatch": "3.0.4",
				"ms": "2.1.3",
				"nanoid": "3.1.20",
				"serialize-javascript": "5.0.1",
				"strip-json-comments": "3.1.1",
				"supports-color": "8.1.1",
				"which": "2.0.2",
				"wide-align": "1.1.3",
				"workerpool": "6.1.0",
				"yargs": "16.2.0",
				"yargs-parser": "20.2.4",
				"yargs-unparser": "2.0.0"
			},
			"bin": {
				"_mocha": "bin/_mocha",
				"mocha": "bin/mocha"
			},
			"devDependencies": {
				"@11ty/eleventy": "^0.11.0",
				"@11ty/eleventy-plugin-inclusive-language": "^1.0.0",
				"@babel/preset-env": "^7.12.17",
				"@mocha/docdash": "^3.0.1",
				"@rollup/plugin-babel": "^5.1.0",
				"@rollup/plugin-commonjs": "^14.0.0",
				"@rollup/plugin-json": "^4.1.0",
				"@rollup/plugin-multi-entry": "^3.0.1",
				"@rollup/plugin-node-resolve": "^8.4.0",
				"assetgraph-builder": "^8.1.0",
				"autoprefixer": "^9.8.6",
				"babel-eslint": "^10.1.0",
				"canvas": "^2.6.1",
				"chai": "^4.2.0",
				"coffee-script": "^1.12.7",
				"configstore": "^5.0.1",
				"core-js": "^3.6.5",
				"coveralls": "^3.1.0",
				"cross-env": "^7.0.2",
				"cross-spawn": "^7.0.3",
				"eslint": "^7.8.1",
				"eslint-config-prettier": "^6.11.0",
				"eslint-config-semistandard": "^15.0.1",
				"eslint-config-standard": "^14.1.1",
				"eslint-plugin-import": "^2.22.0",
				"eslint-plugin-node": "^11.0.0",
				"eslint-plugin-prettier": "^3.1.4",
				"eslint-plugin-promise": "^4.2.1",
				"eslint-plugin-standard": "^4.0.1",
				"fail-on-errors-webpack-plugin": "^3.0.0",
				"fs-extra": "^9.0.1",
				"husky": "^4.2.5",
				"hyperlink": "^4.5.2",
				"jsdoc": "^3.6.5",
				"jsdoc-ts-utils": "^1.1.2",
				"karma": "^5.1.1",
				"karma-chrome-launcher": "^3.1.0",
				"karma-mocha": "^2.0.1",
				"karma-mocha-reporter": "^2.2.5",
				"karma-requirejs": "^1.1.0",
				"karma-sauce-launcher": "^4.3.4",
				"lint-staged": "^10.2.11",
				"markdown-it": "^11.0.0",
				"markdown-it-anchor": "^5.3.0",
				"markdown-it-attrs": "^3.0.3",
				"markdown-it-emoji": "^1.4.0",
				"markdown-it-prism": "^2.1.1",
				"markdown-toc": "^1.2.0",
				"markdownlint-cli": "^0.23.2",
				"needle": "^2.5.0",
				"nps": "^5.10.0",
				"nyc": "^15.1.0",
				"pidtree": "^0.5.0",
				"prettier": "^1.19.1",
				"remark": "^12.0.1",
				"remark-github": "^9.0.1",
				"remark-inline-links": "^4.0.0",
				"requirejs": "^2.3.6",
				"rewiremock": "^3.14.3",
				"rimraf": "^3.0.2",
				"rollup": "^2.23.1",
				"rollup-plugin-node-globals": "^1.4.0",
				"rollup-plugin-node-polyfills": "^0.2.1",
				"rollup-plugin-visualizer": "^4.1.0",
				"sinon": "^9.0.3",
				"strip-ansi": "^6.0.0",
				"svgo": "^1.3.2",
				"through2": "^4.0.2",
				"to-vfile": "^6.1.0",
				"touch": "^3.1.0",
				"unexpected": "^11.14.0",
				"unexpected-eventemitter": "^2.2.0",
				"unexpected-map": "^2.0.0",
				"unexpected-set": "^3.0.0",
				"unexpected-sinon": "^10.11.2",
				"update-notifier": "^4.1.0",
				"uslug": "^1.0.4",
				"uuid": "^8.3.0",
				"watchify": "^3.11.1",
				"webpack": "^4.44.1",
				"webpack-cli": "^3.3.12"
			},
			"engines": {
				"node": ">= 10.12.0"
			},
			"funding": {
				"type": "opencollective",
				"url": "https://opencollective.com/mochajs"
			}
		},
		"node_modules/@types/mocha": {
			"version": "8.2.2",
			"resolved": "https://registry.npmjs.org/@types/mocha/-/mocha-8.2.2.tgz",
			"integrity": "sha512-Lwh0lzzqT5Pqh6z61P3c3P5nm6fzQK/MMHl9UKeneAeInVflBSz1O2EkX6gM6xfJd7FBXBY5purtLx7fUiZ7Hw==",
			"dev": true
		},
		"node_modules/@types/node": {
			"version": "14.14.35",
			"resolved": "https://registry.npmjs.org/@types/node/-/node-14.14.35.tgz",
			"integrity": "sha512-Lt+wj8NVPx0zUmUwumiVXapmaLUcAk3yPuHCFVXras9k5VT9TdhJqKqGVUQCD60OTMCl0qxJ57OiTL0Mic3Iag==",
			"dev": true
		},
		"node_modules/@types/ws": {
			"version": "7.4.0",
			"resolved": "https://registry.npmjs.org/@types/ws/-/ws-7.4.0.tgz",
			"integrity": "sha512-Y29uQ3Uy+58bZrFLhX36hcI3Np37nqWE7ky5tjiDoy1GDZnIwVxS0CgF+s+1bXMzjKBFy+fqaRfb708iNzdinw==",
			"dev": true,
			"dependencies": {
				"@types/node": "*"
			}
		},
		"node_modules/assertion-error": {
			"version": "1.1.0",
			"resolved": "https://registry.npmjs.org/assertion-error/-/assertion-error-1.1.0.tgz",
			"integrity": "sha512-jgsaNduz+ndvGyFt3uSuWqvy4lCnIJiovtouQN5JZHOKCS2QuhEdbcQHFhVksz2N2U9hXJo8odG7ETyWlEeuDw==",
			"dev": true,
			"engines": {
				"node": "*"
			}
		},
		"node_modules/chai": {
			"version": "4.3.4",
			"resolved": "https://registry.npmjs.org/chai/-/chai-4.3.4.tgz",
			"integrity": "sha512-yS5H68VYOCtN1cjfwumDSuzn/9c+yza4f3reKXlE5rUg7SFcCEy90gJvydNgOYtblyf4Zi6jIWRnXOgErta0KA==",
			"dev": true,
			"dependencies": {
				"assertion-error": "^1.1.0",
				"check-error": "^1.0.2",
				"deep-eql": "^3.0.1",
				"get-func-name": "^2.0.0",
				"pathval": "^1.1.1",
				"type-detect": "^4.0.5"
			},
			"engines": {
				"node": ">=4"
			}
		},
		"node_modules/check-error": {
			"version": "1.0.2",
			"resolved": "https://registry.npmjs.org/check-error/-/check-error-1.0.2.tgz",
			"integrity": "sha1-V00xLt2Iu13YkS6Sht1sCu1KrII=",
			"dev": true,
			"engines": {
				"node": "*"
			}
		},
		"node_modules/debug": {
			"version": "4.3.1",
			"resolved": "https://registry.npmjs.org/debug/-/debug-4.3.1.tgz",
			"integrity": "sha512-doEwdvm4PCeK4K3RQN2ZC2BYUBaxwLARCqZmMjtF8a51J2Rb0xpVloFRnCODwqjpwnAoao4pelN8l3RJdv3gRQ==",
			"dependencies": {
				"ms": "2.1.2"
			},
			"engines": {
				"node": ">=6.0"
			},
			"peerDependenciesMeta": {
				"supports-color": {
					"optional": true
				}
			}
		},
		"node_modules/deep-eql": {
			"version": "3.0.1",
			"resolved": "https://registry.npmjs.org/deep-eql/-/deep-eql-3.0.1.tgz",
			"integrity": "sha512-+QeIQyN5ZuO+3Uk5DYh6/1eKO0m0YmJFGNmFHGACpf1ClL1nmlV/p4gNgbl2pJGxgXb4faqo6UE+M5ACEMyVcw==",
			"dev": true,
			"dependencies": {
				"type-detect": "^4.0.0"
			},
			"engines": {
				"node": ">=0.12"
			}
		},
		"node_modules/flatted": {
			"version": "3.1.1",
			"resolved": "https://registry.npmjs.org/flatted/-/flatted-3.1.1.tgz",
			"integrity": "sha512-zAoAQiudy+r5SvnSw3KJy5os/oRJYHzrzja/tBDqrZtNhUw8bt6y8OBzMWcjWr+8liV8Eb6yOhw8WZ7VFZ5ZzA=="
		},
		"node_modules/get-func-name": {
			"version": "2.0.0",
			"resolved": "https://registry.npmjs.org/get-func-name/-/get-func-name-2.0.0.tgz",
			"integrity": "sha1-6td0q+5y4gQJQzoGY2YCPdaIekE=",
			"dev": true,
			"engines": {
				"node": "*"
			}
		},
		"node_modules/mocha": {
			"resolved": "../../node_modules/mocha",
			"link": true
		},
		"node_modules/ms": {
			"version": "2.1.2",
			"resolved": "https://registry.npmjs.org/ms/-/ms-2.1.2.tgz",
			"integrity": "sha512-sGkPx+VjMtmA6MX27oA4FBFELFCZZ4S4XqeGOXCv68tT+jb3vk/RyaKWP0PTKyWtmLSM0b+adUTEvbs1PEaH2w=="
		},
		"node_modules/pathval": {
			"version": "1.1.1",
			"resolved": "https://registry.npmjs.org/pathval/-/pathval-1.1.1.tgz",
			"integrity": "sha512-Dp6zGqpTdETdR63lehJYPeIOqpiNBNtc7BpWSLrOje7UaIsE5aY92r/AunQA7rsXvet3lrJ3JnZX29UPTKXyKQ==",
			"dev": true,
			"engines": {
				"node": "*"
			}
		},
		"node_modules/type-detect": {
			"version": "4.0.8",
			"resolved": "https://registry.npmjs.org/type-detect/-/type-detect-4.0.8.tgz",
			"integrity": "sha512-0fr/mIH1dlO+x7TlcMy+bIDqKPsw/70tVyeHW787goQjhmqaZe10uwLujubK9q9Lg6Fiho1KUKDYz0Z7k7g5/g==",
			"dev": true,
			"engines": {
				"node": ">=4"
			}
		},
		"node_modules/typed-emitter": {
			"version": "1.3.1",
			"resolved": "https://registry.npmjs.org/typed-emitter/-/typed-emitter-1.3.1.tgz",
			"integrity": "sha512-2h7utWyXgd2R2u2IuL8B4yu1gqMxbgUj2VS/MGVbFhEVQNJKXoQQoS5CBMh+eW31zFeSmDfEQ3qQf4xy5SlPVQ==",
			"dev": true
		},
		"node_modules/ws": {
			"version": "7.4.4",
			"resolved": "https://registry.npmjs.org/ws/-/ws-7.4.4.tgz",
			"integrity": "sha512-Qm8k8ojNQIMx7S+Zp8u/uHOx7Qazv3Yv4q68MiWWWOJhiwG5W3x7iqmRtJo8xxrciZUY4vRxUTJCKuRnF28ZZw==",
			"engines": {
				"node": ">=8.3.0"
			},
			"peerDependencies": {
				"bufferutil": "^4.0.1",
				"utf-8-validate": "^5.0.2"
			},
			"peerDependenciesMeta": {
				"bufferutil": {
					"optional": true
				},
				"utf-8-validate": {
					"optional": true
				}
			}
		}
	},
	"dependencies": {
		"@types/mocha": {
			"version": "8.2.2",
			"resolved": "https://registry.npmjs.org/@types/mocha/-/mocha-8.2.2.tgz",
			"integrity": "sha512-Lwh0lzzqT5Pqh6z61P3c3P5nm6fzQK/MMHl9UKeneAeInVflBSz1O2EkX6gM6xfJd7FBXBY5purtLx7fUiZ7Hw==",
			"dev": true
		},
		"@types/node": {
			"version": "14.14.35",
			"resolved": "https://registry.npmjs.org/@types/node/-/node-14.14.35.tgz",
			"integrity": "sha512-Lt+wj8NVPx0zUmUwumiVXapmaLUcAk3yPuHCFVXras9k5VT9TdhJqKqGVUQCD60OTMCl0qxJ57OiTL0Mic3Iag==",
			"dev": true
		},
		"@types/ws": {
			"version": "7.4.0",
			"resolved": "https://registry.npmjs.org/@types/ws/-/ws-7.4.0.tgz",
			"integrity": "sha512-Y29uQ3Uy+58bZrFLhX36hcI3Np37nqWE7ky5tjiDoy1GDZnIwVxS0CgF+s+1bXMzjKBFy+fqaRfb708iNzdinw==",
			"dev": true,
			"requires": {
				"@types/node": "*"
			}
		},
		"assertion-error": {
			"version": "1.1.0",
			"resolved": "https://registry.npmjs.org/assertion-error/-/assertion-error-1.1.0.tgz",
			"integrity": "sha512-jgsaNduz+ndvGyFt3uSuWqvy4lCnIJiovtouQN5JZHOKCS2QuhEdbcQHFhVksz2N2U9hXJo8odG7ETyWlEeuDw==",
			"dev": true
		},
		"chai": {
			"version": "4.3.4",
			"resolved": "https://registry.npmjs.org/chai/-/chai-4.3.4.tgz",
			"integrity": "sha512-yS5H68VYOCtN1cjfwumDSuzn/9c+yza4f3reKXlE5rUg7SFcCEy90gJvydNgOYtblyf4Zi6jIWRnXOgErta0KA==",
			"dev": true,
			"requires": {
				"assertion-error": "^1.1.0",
				"check-error": "^1.0.2",
				"deep-eql": "^3.0.1",
				"get-func-name": "^2.0.0",
				"pathval": "^1.1.1",
				"type-detect": "^4.0.5"
			}
		},
		"check-error": {
			"version": "1.0.2",
			"resolved": "https://registry.npmjs.org/check-error/-/check-error-1.0.2.tgz",
			"integrity": "sha1-V00xLt2Iu13YkS6Sht1sCu1KrII=",
			"dev": true
		},
		"debug": {
			"version": "4.3.1",
			"resolved": "https://registry.npmjs.org/debug/-/debug-4.3.1.tgz",
			"integrity": "sha512-doEwdvm4PCeK4K3RQN2ZC2BYUBaxwLARCqZmMjtF8a51J2Rb0xpVloFRnCODwqjpwnAoao4pelN8l3RJdv3gRQ==",
			"requires": {
				"ms": "2.1.2"
			}
		},
		"deep-eql": {
			"version": "3.0.1",
			"resolved": "https://registry.npmjs.org/deep-eql/-/deep-eql-3.0.1.tgz",
			"integrity": "sha512-+QeIQyN5ZuO+3Uk5DYh6/1eKO0m0YmJFGNmFHGACpf1ClL1nmlV/p4gNgbl2pJGxgXb4faqo6UE+M5ACEMyVcw==",
			"dev": true,
			"requires": {
				"type-detect": "^4.0.0"
			}
		},
		"flatted": {
			"version": "3.1.1",
			"resolved": "https://registry.npmjs.org/flatted/-/flatted-3.1.1.tgz",
			"integrity": "sha512-zAoAQiudy+r5SvnSw3KJy5os/oRJYHzrzja/tBDqrZtNhUw8bt6y8OBzMWcjWr+8liV8Eb6yOhw8WZ7VFZ5ZzA=="
		},
		"get-func-name": {
			"version": "2.0.0",
			"resolved": "https://registry.npmjs.org/get-func-name/-/get-func-name-2.0.0.tgz",
			"integrity": "sha1-6td0q+5y4gQJQzoGY2YCPdaIekE=",
			"dev": true
		},
		"mocha": {
			"version": "file:../../node_modules/mocha",
			"requires": {
				"@11ty/eleventy": "^0.11.0",
				"@11ty/eleventy-plugin-inclusive-language": "^1.0.0",
				"@babel/preset-env": "^7.12.17",
				"@mocha/docdash": "^3.0.1",
				"@rollup/plugin-babel": "^5.1.0",
				"@rollup/plugin-commonjs": "^14.0.0",
				"@rollup/plugin-json": "^4.1.0",
				"@rollup/plugin-multi-entry": "^3.0.1",
				"@rollup/plugin-node-resolve": "^8.4.0",
				"@ungap/promise-all-settled": "1.1.2",
				"ansi-colors": "4.1.1",
				"assetgraph-builder": "^8.1.0",
				"autoprefixer": "^9.8.6",
				"babel-eslint": "^10.1.0",
				"browser-stdout": "1.3.1",
				"canvas": "^2.6.1",
				"chai": "^4.2.0",
				"chokidar": "3.5.1",
				"coffee-script": "^1.12.7",
				"configstore": "^5.0.1",
				"core-js": "^3.6.5",
				"coveralls": "^3.1.0",
				"cross-env": "^7.0.2",
				"cross-spawn": "^7.0.3",
				"debug": "4.3.1",
				"diff": "5.0.0",
				"escape-string-regexp": "4.0.0",
				"eslint": "^7.8.1",
				"eslint-config-prettier": "^6.11.0",
				"eslint-config-semistandard": "^15.0.1",
				"eslint-config-standard": "^14.1.1",
				"eslint-plugin-import": "^2.22.0",
				"eslint-plugin-node": "^11.0.0",
				"eslint-plugin-prettier": "^3.1.4",
				"eslint-plugin-promise": "^4.2.1",
				"eslint-plugin-standard": "^4.0.1",
				"fail-on-errors-webpack-plugin": "^3.0.0",
				"find-up": "5.0.0",
				"fs-extra": "^9.0.1",
				"glob": "7.1.6",
				"growl": "1.10.5",
				"he": "1.2.0",
				"husky": "^4.2.5",
				"hyperlink": "^4.5.2",
				"js-yaml": "4.0.0",
				"jsdoc": "^3.6.5",
				"jsdoc-ts-utils": "^1.1.2",
				"karma": "^5.1.1",
				"karma-chrome-launcher": "^3.1.0",
				"karma-mocha": "^2.0.1",
				"karma-mocha-reporter": "^2.2.5",
				"karma-requirejs": "^1.1.0",
				"karma-sauce-launcher": "^4.3.4",
				"lint-staged": "^10.2.11",
				"log-symbols": "4.0.0",
				"markdown-it": "^11.0.0",
				"markdown-it-anchor": "^5.3.0",
				"markdown-it-attrs": "^3.0.3",
				"markdown-it-emoji": "^1.4.0",
				"markdown-it-prism": "^2.1.1",
				"markdown-toc": "^1.2.0",
				"markdownlint-cli": "^0.23.2",
				"minimatch": "3.0.4",
				"ms": "2.1.3",
				"nanoid": "3.1.20",
				"needle": "^2.5.0",
				"nps": "^5.10.0",
				"nyc": "^15.1.0",
				"pidtree": "^0.5.0",
				"prettier": "^1.19.1",
				"remark": "^12.0.1",
				"remark-github": "^9.0.1",
				"remark-inline-links": "^4.0.0",
				"requirejs": "^2.3.6",
				"rewiremock": "^3.14.3",
				"rimraf": "^3.0.2",
				"rollup": "^2.23.1",
				"rollup-plugin-node-globals": "^1.4.0",
				"rollup-plugin-node-polyfills": "^0.2.1",
				"rollup-plugin-visualizer": "^4.1.0",
				"serialize-javascript": "5.0.1",
				"sinon": "^9.0.3",
				"strip-ansi": "^6.0.0",
				"strip-json-comments": "3.1.1",
				"supports-color": "8.1.1",
				"svgo": "^1.3.2",
				"through2": "^4.0.2",
				"to-vfile": "^6.1.0",
				"touch": "^3.1.0",
				"unexpected": "^11.14.0",
				"unexpected-eventemitter": "^2.2.0",
				"unexpected-map": "^2.0.0",
				"unexpected-set": "^3.0.0",
				"unexpected-sinon": "^10.11.2",
				"update-notifier": "^4.1.0",
				"uslug": "^1.0.4",
				"uuid": "^8.3.0",
				"watchify": "^3.11.1",
				"webpack": "^4.44.1",
				"webpack-cli": "^3.3.12",
				"which": "2.0.2",
				"wide-align": "1.1.3",
				"workerpool": "6.1.0",
				"yargs": "16.2.0",
				"yargs-parser": "20.2.4",
				"yargs-unparser": "2.0.0"
			}
		},
		"ms": {
			"version": "2.1.2",
			"resolved": "https://registry.npmjs.org/ms/-/ms-2.1.2.tgz",
			"integrity": "sha512-sGkPx+VjMtmA6MX27oA4FBFELFCZZ4S4XqeGOXCv68tT+jb3vk/RyaKWP0PTKyWtmLSM0b+adUTEvbs1PEaH2w=="
		},
		"pathval": {
			"version": "1.1.1",
			"resolved": "https://registry.npmjs.org/pathval/-/pathval-1.1.1.tgz",
			"integrity": "sha512-Dp6zGqpTdETdR63lehJYPeIOqpiNBNtc7BpWSLrOje7UaIsE5aY92r/AunQA7rsXvet3lrJ3JnZX29UPTKXyKQ==",
			"dev": true
		},
		"type-detect": {
			"version": "4.0.8",
			"resolved": "https://registry.npmjs.org/type-detect/-/type-detect-4.0.8.tgz",
			"integrity": "sha512-0fr/mIH1dlO+x7TlcMy+bIDqKPsw/70tVyeHW787goQjhmqaZe10uwLujubK9q9Lg6Fiho1KUKDYz0Z7k7g5/g==",
			"dev": true
		},
		"typed-emitter": {
			"version": "1.3.1",
			"resolved": "https://registry.npmjs.org/typed-emitter/-/typed-emitter-1.3.1.tgz",
			"integrity": "sha512-2h7utWyXgd2R2u2IuL8B4yu1gqMxbgUj2VS/MGVbFhEVQNJKXoQQoS5CBMh+eW31zFeSmDfEQ3qQf4xy5SlPVQ==",
			"dev": true
		},
		"ws": {
			"version": "7.4.4",
			"resolved": "https://registry.npmjs.org/ws/-/ws-7.4.4.tgz",
			"integrity": "sha512-Qm8k8ojNQIMx7S+Zp8u/uHOx7Qazv3Yv4q68MiWWWOJhiwG5W3x7iqmRtJo8xxrciZUY4vRxUTJCKuRnF28ZZw==",
			"requires": {}
		}
	}
}
